
Microsoft Visual Studio Solution File, Format Version 12.00
# Visual Studio 15
VisualStudioVersion = 15.0.28307.645
MinimumVisualStudioVersion = 10.0.40219.1
Project("{8BC9CEB8-8B4A-11D0-8D11-00A0C91BC942}") = "OPT_Inter", "OPT_Inter\OPT_Inter.vcxproj", "{A6F883EB-2E53-482B-B732-1FCC67AC016A}"
EndProject
Global
	GlobalSection(SolutionConfigurationPlatforms) = preSolution
		Debug|x64 = Debug|x64
		Debug|x86 = Debug|x86
		Release|x64 = Release|x64
		Release|x86 = Release|x86
	EndGlobalSection
	GlobalSection(ProjectConfigurationPlatforms) = postSolution
		{A6F883EB-2E53-482B-B732-1FCC67AC016A}.Debug|x64.ActiveCfg = Debug|x64
		{A6F883EB-2E53-482B-B732-1FCC67AC016A}.Debug|x64.Build.0 = Debug|x64
		{A6F883EB-2E53-482B-B732-1FCC67AC016A}.Debug|x86.ActiveCfg = Debug|Win32
		{A6F883EB-2E53-482B-B732-1FCC67AC016A}.Debug|x86.Build.0 = Debug|Win32
		{A6F883EB-2E53-482B-B732-1FCC67AC016A}.Release|x64.ActiveCfg = Release|x64
		{A6F883EB-2E53-482B-B732-1FCC67AC016A}.Release|x64.Build.0 = Release|x64
		{A6F883EB-2E53-482B-B732-1FCC67AC016A}.Release|x86.ActiveCfg = Release|Win32
		{A6F883EB-2E53-482B-B732-1FCC67AC016A}.Release|x86.Build.0 = Release|Win32
	EndGlobalSection
	GlobalSection(SolutionProperties) = preSolution
		HideSolutionNode = FALSE
	EndGlobalSection
	GlobalSection(ExtensibilityGlobals) = postSolution
		SolutionGuid = {011867A3-1B83-4010-AD96-E557A5E5C750}
	EndGlobalSection
EndGlobal
